#MicroXplorer Configuration settings - do not modify
ADC1.Channel-0\#ChannelRegularConversion=ADC_CHANNEL_2
ADC1.IPParameters=Rank-0\#ChannelRegularConversion,master,Channel-0\#ChannelRegularConversion,SamplingTime-0\#ChannelRegularConversion,OffsetNumber-0\#ChannelRegularConversion,OffsetSignedSaturation-0\#ChannelRegularConversion,NbrOfConversionFlag
ADC1.NbrOfConversionFlag=1
ADC1.OffsetNumber-0\#ChannelRegularConversion=ADC_OFFSET_NONE
ADC1.OffsetSignedSaturation-0\#ChannelRegularConversion=DISABLE
ADC1.Rank-0\#ChannelRegularConversion=1
ADC1.SamplingTime-0\#ChannelRegularConversion=ADC_SAMPLETIME_1CYCLE_5
ADC1.master=1
CORTEX_M7.AccessPermission-Cortex_Memory_Protection_Unit_Region0_Settings=MPU_REGION_FULL_ACCESS
CORTEX_M7.AccessPermission-Cortex_Memory_Protection_Unit_Region1_Settings=MPU_REGION_FULL_ACCESS
CORTEX_M7.BaseAddress-Cortex_Memory_Protection_Unit_Region0_Settings=0x24000000
CORTEX_M7.BaseAddress-Cortex_Memory_Protection_Unit_Region1_Settings=0x60000000
CORTEX_M7.CPU_DCache=Enabled
CORTEX_M7.CPU_ICache=Enabled
CORTEX_M7.Enable-Cortex_Memory_Protection_Unit_Region0_Settings=MPU_REGION_ENABLE
CORTEX_M7.Enable-Cortex_Memory_Protection_Unit_Region1_Settings=MPU_REGION_ENABLE
CORTEX_M7.IPParameters=CPU_ICache,CPU_DCache,MPU_Control,Enable-Cortex_Memory_Protection_Unit_Region0_Settings,BaseAddress-Cortex_Memory_Protection_Unit_Region0_Settings,Size-Cortex_Memory_Protection_Unit_Region0_Settings,TypeExtField-Cortex_Memory_Protection_Unit_Region0_Settings,AccessPermission-Cortex_Memory_Protection_Unit_Region0_Settings,Enable-Cortex_Memory_Protection_Unit_Region1_Settings,BaseAddress-Cortex_Memory_Protection_Unit_Region1_Settings,Size-Cortex_Memory_Protection_Unit_Region1_Settings,AccessPermission-Cortex_Memory_Protection_Unit_Region1_Settings,IsBufferable-Cortex_Memory_Protection_Unit_Region1_Settings
CORTEX_M7.IsBufferable-Cortex_Memory_Protection_Unit_Region1_Settings=MPU_ACCESS_BUFFERABLE
CORTEX_M7.MPU_Control=MPU_PRIVILEGED_DEFAULT
CORTEX_M7.Size-Cortex_Memory_Protection_Unit_Region0_Settings=MPU_REGION_SIZE_512KB
CORTEX_M7.Size-Cortex_Memory_Protection_Unit_Region1_Settings=MPU_REGION_SIZE_64KB
CORTEX_M7.TypeExtField-Cortex_Memory_Protection_Unit_Region0_Settings=MPU_TEX_LEVEL1
FATFS.IPParameters=_USE_FIND,_CODE_PAGE,_USE_LFN,_FS_RPATH
FATFS._CODE_PAGE=437
FATFS._FS_RPATH=2
FATFS._USE_FIND=1
FATFS._USE_LFN=1
File.Version=6
GPIO.groupedBy=Group By Peripherals
KeepUserPlacement=false
Mcu.Family=STM32H7
Mcu.IP0=ADC1
Mcu.IP1=CORTEX_M7
Mcu.IP10=TIM4
Mcu.IP11=USART2
Mcu.IP12=USART6
Mcu.IP13=USB_DEVICE
Mcu.IP14=USB_OTG_HS
Mcu.IP2=DEBUG
Mcu.IP3=FATFS
Mcu.IP4=MDMA
Mcu.IP5=NVIC
Mcu.IP6=PWR
Mcu.IP7=RCC
Mcu.IP8=SDMMC1
Mcu.IP9=SYS
Mcu.IPNb=15
Mcu.Name=STM32H743IITx
Mcu.Package=LQFP176
Mcu.Pin0=PE3
Mcu.Pin1=PI8
Mcu.Pin10=PF5
Mcu.Pin100=PD7
Mcu.Pin101=PG9
Mcu.Pin102=PG10
Mcu.Pin103=PG11
Mcu.Pin104=PG12
Mcu.Pin105=PG13
Mcu.Pin106=PG14
Mcu.Pin107=PG15
Mcu.Pin108=PB3 (JTDO/TRACESWO)
Mcu.Pin109=PB4 (NJTRST)
Mcu.Pin11=PF6
Mcu.Pin110=PB5
Mcu.Pin111=PB8
Mcu.Pin112=PB9
Mcu.Pin113=PE0
Mcu.Pin114=PE1
Mcu.Pin115=PI4
Mcu.Pin116=PI5
Mcu.Pin117=PI6
Mcu.Pin118=PI7
Mcu.Pin119=VP_FATFS_VS_Generic
Mcu.Pin12=PF10
Mcu.Pin120=VP_SYS_VS_Systick
Mcu.Pin121=VP_USB_DEVICE_VS_USB_DEVICE_MSC_HS
Mcu.Pin13=PH0-OSC_IN (PH0)
Mcu.Pin14=PH1-OSC_OUT (PH1)
Mcu.Pin15=PC0
Mcu.Pin16=PC1
Mcu.Pin17=PC2_C
Mcu.Pin18=PC3_C
Mcu.Pin19=PA0
Mcu.Pin2=PC13
Mcu.Pin20=PA1
Mcu.Pin21=PA2
Mcu.Pin22=PH2
Mcu.Pin23=PH3
Mcu.Pin24=PH4
Mcu.Pin25=PH5
Mcu.Pin26=PA3
Mcu.Pin27=PA4
Mcu.Pin28=PA5
Mcu.Pin29=PA6
Mcu.Pin3=PC14-OSC32_IN (OSC32_IN)
Mcu.Pin30=PA7
Mcu.Pin31=PC4
Mcu.Pin32=PC5
Mcu.Pin33=PB0
Mcu.Pin34=PB1
Mcu.Pin35=PB2
Mcu.Pin36=PF11
Mcu.Pin37=PF12
Mcu.Pin38=PF13
Mcu.Pin39=PF14
Mcu.Pin4=PC15-OSC32_OUT (OSC32_OUT)
Mcu.Pin40=PF15
Mcu.Pin41=PG0
Mcu.Pin42=PG1
Mcu.Pin43=PE7
Mcu.Pin44=PE8
Mcu.Pin45=PE9
Mcu.Pin46=PE10
Mcu.Pin47=PE11
Mcu.Pin48=PE12
Mcu.Pin49=PE13
Mcu.Pin5=PI9
Mcu.Pin50=PE14
Mcu.Pin51=PE15
Mcu.Pin52=PB10
Mcu.Pin53=PB11
Mcu.Pin54=PH6
Mcu.Pin55=PH7
Mcu.Pin56=PH8
Mcu.Pin57=PH9
Mcu.Pin58=PH10
Mcu.Pin59=PH11
Mcu.Pin6=PI10
Mcu.Pin60=PH12
Mcu.Pin61=PB12
Mcu.Pin62=PB13
Mcu.Pin63=PD10
Mcu.Pin64=PD11
Mcu.Pin65=PD12
Mcu.Pin66=PD13
Mcu.Pin67=PD14
Mcu.Pin68=PD15
Mcu.Pin69=PG2
Mcu.Pin7=PI11
Mcu.Pin70=PG3
Mcu.Pin71=PG4
Mcu.Pin72=PG5
Mcu.Pin73=PG6
Mcu.Pin74=PG7
Mcu.Pin75=PG8
Mcu.Pin76=PC6
Mcu.Pin77=PC7
Mcu.Pin78=PC8
Mcu.Pin79=PC9
Mcu.Pin8=PF2
Mcu.Pin80=PA8
Mcu.Pin81=PA9
Mcu.Pin82=PA10
Mcu.Pin83=PA11
Mcu.Pin84=PA12
Mcu.Pin85=PA13 (JTMS/SWDIO)
Mcu.Pin86=PH13
Mcu.Pin87=PH14
Mcu.Pin88=PH15
Mcu.Pin89=PI0
Mcu.Pin9=PF4
Mcu.Pin90=PA14 (JTCK/SWCLK)
Mcu.Pin91=PA15 (JTDI)
Mcu.Pin92=PC10
Mcu.Pin93=PC11
Mcu.Pin94=PC12
Mcu.Pin95=PD2
Mcu.Pin96=PD3
Mcu.Pin97=PD4
Mcu.Pin98=PD5
Mcu.Pin99=PD6
Mcu.PinsNb=122
Mcu.ThirdPartyNb=0
Mcu.UserConstants=
Mcu.UserName=STM32H743IITx
Mdma.MDMA_Channel0.Request0=SDMMC1_END_DATA
Mdma.MDMA_Channel0.RequestsNb=1
Mdma.MDMA_Channel0.SDMMC1_END_DATA.0.BlockCount=0
Mdma.MDMA_Channel0.SDMMC1_END_DATA.0.BlockDataLength=0
Mdma.MDMA_Channel0.SDMMC1_END_DATA.0.BufferTransferLength=1
Mdma.MDMA_Channel0.SDMMC1_END_DATA.0.CircularMode=MDMA_LINEAR_LIST
Mdma.MDMA_Channel0.SDMMC1_END_DATA.0.DataAlignment=MDMA_DATAALIGN_PACKENABLE
Mdma.MDMA_Channel0.SDMMC1_END_DATA.0.DestBlockAddressOffset=0
Mdma.MDMA_Channel0.SDMMC1_END_DATA.0.DestBurst=MDMA_DEST_BURST_SINGLE
Mdma.MDMA_Channel0.SDMMC1_END_DATA.0.DestDataSize=MDMA_DEST_DATASIZE_BYTE
Mdma.MDMA_Channel0.SDMMC1_END_DATA.0.DestinationInc=MDMA_DEST_INC_BYTE
Mdma.MDMA_Channel0.SDMMC1_END_DATA.0.DstAddress=0
Mdma.MDMA_Channel0.SDMMC1_END_DATA.0.Endianness=MDMA_LITTLE_ENDIANNESS_PRESERVE
Mdma.MDMA_Channel0.SDMMC1_END_DATA.0.Instance=MDMA_Channel0
Mdma.MDMA_Channel0.SDMMC1_END_DATA.0.MaskAddress=0
Mdma.MDMA_Channel0.SDMMC1_END_DATA.0.MaskData=0
Mdma.MDMA_Channel0.SDMMC1_END_DATA.0.Priority=MDMA_PRIORITY_HIGH
Mdma.MDMA_Channel0.SDMMC1_END_DATA.0.Rank=First
Mdma.MDMA_Channel0.SDMMC1_END_DATA.0.RequestParameters=Instance,CircularMode,TransferTriggerMode,Priority,Endianness,SourceInc,DestinationInc,SourceDataSize,DestDataSize,DataAlignment,BufferTransferLength,SourceBurst,DestBurst,SourceBlockAddressOffset,DestBlockAddressOffset,MaskAddress,MaskData,SrcAddress,DstAddress,BlockDataLength,BlockCount,Rank
Mdma.MDMA_Channel0.SDMMC1_END_DATA.0.SourceBlockAddressOffset=0
Mdma.MDMA_Channel0.SDMMC1_END_DATA.0.SourceBurst=MDMA_SOURCE_BURST_SINGLE
Mdma.MDMA_Channel0.SDMMC1_END_DATA.0.SourceDataSize=MDMA_SRC_DATASIZE_BYTE
Mdma.MDMA_Channel0.SDMMC1_END_DATA.0.SourceInc=MDMA_SRC_INC_BYTE
Mdma.MDMA_Channel0.SDMMC1_END_DATA.0.SrcAddress=0
Mdma.MDMA_Channel0.SDMMC1_END_DATA.0.TransferTriggerMode=MDMA_BUFFER_TRANSFER
Mdma.RequestSet0=MDMA_Channel0
Mdma.RequestSetsNb=1
MxCube.Version=6.3.0
MxDb.Version=DB.6.0.30
NVIC.BusFault_IRQn=true\:0\:0\:false\:false\:true\:false\:false
NVIC.DebugMonitor_IRQn=true\:0\:0\:false\:false\:true\:false\:false
NVIC.ForceEnableDMAVector=true
NVIC.HardFault_IRQn=true\:0\:0\:false\:false\:true\:false\:false
NVIC.MDMA_IRQn=true\:6\:0\:true\:false\:true\:false\:true
NVIC.MemoryManagement_IRQn=true\:0\:0\:false\:false\:true\:false\:false
NVIC.NonMaskableInt_IRQn=true\:0\:0\:false\:false\:true\:false\:false
NVIC.OTG_HS_IRQn=true\:7\:0\:true\:false\:true\:true\:true
NVIC.PendSV_IRQn=true\:0\:0\:false\:false\:true\:false\:false
NVIC.PriorityGroup=NVIC_PRIORITYGROUP_4
NVIC.SDMMC1_IRQn=true\:5\:0\:true\:false\:true\:true\:true
NVIC.SVCall_IRQn=true\:0\:0\:false\:false\:true\:false\:false
NVIC.SysTick_IRQn=true\:0\:0\:true\:false\:true\:false\:true
NVIC.UsageFault_IRQn=true\:0\:0\:false\:false\:true\:false\:false
PA0.GPIOParameters=GPIO_Label
PA0.GPIO_Label=WAK_UP
PA0.Locked=true
PA0.Mode=WakeUp0
PA0.Signal=PWR_WKUP0
PA1.GPIOParameters=GPIO_Label
PA1.GPIO_Label=USB_HUB_RST
PA1.Locked=true
PA1.Signal=GPIO_Output
PA10.GPIOParameters=GPIO_Label
PA10.GPIO_Label=DLCB_EN14
PA10.Locked=true
PA10.Signal=GPIO_Output
PA11.GPIOParameters=GPIO_Label
PA11.GPIO_Label=DLCB_EN15
PA11.Locked=true
PA11.Signal=GPIO_Output
PA12.GPIOParameters=GPIO_Label
PA12.GPIO_Label=DLCA_EN15_1
PA12.Locked=true
PA12.Signal=GPIO_Output
PA13\ (JTMS/SWDIO).GPIOParameters=GPIO_Label
PA13\ (JTMS/SWDIO).GPIO_Label=SWDIO
PA13\ (JTMS/SWDIO).Locked=true
PA13\ (JTMS/SWDIO).Mode=Trace_Asynchronous_SW
PA13\ (JTMS/SWDIO).Signal=DEBUG_JTMS-SWDIO
PA14\ (JTCK/SWCLK).GPIOParameters=GPIO_Label
PA14\ (JTCK/SWCLK).GPIO_Label=SWCLK
PA14\ (JTCK/SWCLK).Locked=true
PA14\ (JTCK/SWCLK).Mode=Trace_Asynchronous_SW
PA14\ (JTCK/SWCLK).Signal=DEBUG_JTCK-SWCLK
PA15\ (JTDI).GPIOParameters=GPIO_Label
PA15\ (JTDI).GPIO_Label=WIFI_REST
PA15\ (JTDI).Locked=true
PA15\ (JTDI).Signal=GPIO_Output
PA2.GPIOParameters=GPIO_Label
PA2.GPIO_Label=USB_ETH_NRST
PA2.Locked=true
PA2.Signal=GPIO_Output
PA3.GPIOParameters=GPIO_Label
PA3.GPIO_Label=USB_HS_D0
PA3.Locked=true
PA3.Mode=Device_HS
PA3.Signal=USB_OTG_HS_ULPI_D0
PA4.GPIOParameters=GPIO_Label
PA4.GPIO_Label=TRIG_LED_EN
PA4.Locked=true
PA4.Signal=GPIO_Output
PA5.GPIOParameters=GPIO_Label
PA5.GPIO_Label=USB_HS_CLK
PA5.Locked=true
PA5.Mode=Device_HS
PA5.Signal=USB_OTG_HS_ULPI_CK
PA6.GPIOParameters=GPIO_Label
PA6.GPIO_Label=KL_RXD1
PA6.Locked=true
PA6.Signal=GPIO_Input
PA7.GPIOParameters=GPIO_Label
PA7.GPIO_Label=HL_CAN_SW_EN
PA7.Locked=true
PA7.Signal=GPIO_Output
PA8.GPIOParameters=GPIO_Label
PA8.GPIO_Label=EMMC_RST
PA8.Locked=true
PA8.Signal=GPIO_Output
PA9.GPIOParameters=GPIO_Label
PA9.GPIO_Label=SPI2_INTR
PA9.Locked=true
PA9.Signal=GPXTI9
PB0.GPIOParameters=GPIO_Label
PB0.GPIO_Label=USB_HS_D1
PB0.Locked=true
PB0.Mode=Device_HS
PB0.Signal=USB_OTG_HS_ULPI_D1
PB1.GPIOParameters=GPIO_Label
PB1.GPIO_Label=USB_HS_D2
PB1.Locked=true
PB1.Mode=Device_HS
PB1.Signal=USB_OTG_HS_ULPI_D2
PB10.GPIOParameters=GPIO_Label
PB10.GPIO_Label=USB_HS_D3
PB10.Locked=true
PB10.Mode=Device_HS
PB10.Signal=USB_OTG_HS_ULPI_D3
PB11.GPIOParameters=GPIO_Label
PB11.GPIO_Label=USB_HS_D4
PB11.Locked=true
PB11.Mode=Device_HS
PB11.Signal=USB_OTG_HS_ULPI_D4
PB12.GPIOParameters=GPIO_Label
PB12.GPIO_Label=USB_HS_D5
PB12.Locked=true
PB12.Mode=Device_HS
PB12.Signal=USB_OTG_HS_ULPI_D5
PB13.GPIOParameters=GPIO_Label
PB13.GPIO_Label=USB_HS_D6
PB13.Locked=true
PB13.Mode=Device_HS
PB13.Signal=USB_OTG_HS_ULPI_D6
PB2.GPIOParameters=GPIO_Label
PB2.GPIO_Label=TXD2_2K_EN
PB2.Locked=true
PB2.Signal=GPIO_Output
PB3\ (JTDO/TRACESWO).GPIOParameters=GPIO_Label
PB3\ (JTDO/TRACESWO).GPIO_Label=DEBUG_TRACE_SWO
PB3\ (JTDO/TRACESWO).Locked=true
PB3\ (JTDO/TRACESWO).Mode=Trace_Asynchronous_SW
PB3\ (JTDO/TRACESWO).Signal=DEBUG_JTDO-SWO
PB4\ (NJTRST).GPIOParameters=GPIO_Label
PB4\ (NJTRST).GPIO_Label=REPG_CH6
PB4\ (NJTRST).Locked=true
PB4\ (NJTRST).Signal=GPIO_Output
PB5.GPIOParameters=GPIO_Label
PB5.GPIO_Label=USB_HS_D7
PB5.Locked=true
PB5.Mode=Device_HS
PB5.Signal=USB_OTG_HS_ULPI_D7
PB8.GPIOParameters=GPIO_Label
PB8.GPIO_Label=EMMC_D4
PB8.Mode=mmc_8_bits_Wide_bus
PB8.Signal=SDMMC1_D4
PB9.GPIOParameters=GPIO_Label
PB9.GPIO_Label=EMMC_D5
PB9.Mode=mmc_8_bits_Wide_bus
PB9.Signal=SDMMC1_D5
PC0.GPIOParameters=GPIO_Label
PC0.GPIO_Label=USB_HS_STP
PC0.Locked=true
PC0.Mode=Device_HS
PC0.Signal=USB_OTG_HS_ULPI_STP
PC1.GPIOParameters=GPIO_Label
PC1.GPIO_Label=USB_HUB_PWR_EN
PC1.Locked=true
PC1.Signal=GPIO_Output
PC10.GPIOParameters=GPIO_Label
PC10.GPIO_Label=EMMC_D2
PC10.Mode=mmc_8_bits_Wide_bus
PC10.Signal=SDMMC1_D2
PC11.GPIOParameters=GPIO_Label
PC11.GPIO_Label=EMMC_D3
PC11.Mode=mmc_8_bits_Wide_bus
PC11.Signal=SDMMC1_D3
PC12.GPIOParameters=GPIO_Label
PC12.GPIO_Label=EMMC_CLK
PC12.Mode=mmc_8_bits_Wide_bus
PC12.Signal=SDMMC1_CK
PC13.GPIOParameters=GPIO_Label
PC13.GPIO_Label=WIFI_HOST_WAKE
PC13.Locked=true
PC13.Signal=GPIO_Input
PC14-OSC32_IN\ (OSC32_IN).Mode=LSE-External-Oscillator
PC14-OSC32_IN\ (OSC32_IN).Signal=RCC_OSC32_IN
PC15-OSC32_OUT\ (OSC32_OUT).Mode=LSE-External-Oscillator
PC15-OSC32_OUT\ (OSC32_OUT).Signal=RCC_OSC32_OUT
PC2_C.GPIOParameters=GPIO_Label
PC2_C.GPIO_Label=USB_HS_DIR
PC2_C.Locked=true
PC2_C.Mode=Device_HS
PC2_C.Signal=USB_OTG_HS_ULPI_DIR
PC3_C.GPIOParameters=GPIO_Label
PC3_C.GPIO_Label=USB_HS_NXT
PC3_C.Locked=true
PC3_C.Mode=Device_HS
PC3_C.Signal=USB_OTG_HS_ULPI_NXT
PC4.GPIOParameters=GPIO_Label
PC4.GPIO_Label=H_STB_EN1
PC4.Locked=true
PC4.Signal=GPIO_Output
PC5.GPIOParameters=GPIO_Label
PC5.GPIO_Label=H_STB_EN2
PC5.Locked=true
PC5.Signal=GPIO_Output
PC6.GPIOParameters=GPIO_Label
PC6.GPIO_Label=EMMC_D6
PC6.Mode=mmc_8_bits_Wide_bus
PC6.Signal=SDMMC1_D6
PC7.GPIOParameters=GPIO_Label
PC7.GPIO_Label=EMMC_D7
PC7.Locked=true
PC7.Mode=mmc_8_bits_Wide_bus
PC7.Signal=SDMMC1_D7
PC8.GPIOParameters=GPIO_Label
PC8.GPIO_Label=EMMC_D0
PC8.Locked=true
PC8.Mode=mmc_8_bits_Wide_bus
PC8.Signal=SDMMC1_D0
PC9.GPIOParameters=GPIO_Label
PC9.GPIO_Label=EMMC_D1
PC9.Locked=true
PC9.Mode=mmc_8_bits_Wide_bus
PC9.Signal=SDMMC1_D1
PD10.GPIOParameters=GPIO_Label
PD10.GPIO_Label=DLCA_EN2
PD10.Locked=true
PD10.Signal=GPIO_Output
PD11.GPIOParameters=GPIO_Label
PD11.GPIO_Label=DLCA_EN3
PD11.Locked=true
PD11.Signal=GPIO_Output
PD12.GPIOParameters=GPIO_Label
PD12.GPIO_Label=DLCA_EN6
PD12.Locked=true
PD12.Signal=GPIO_Output
PD13.GPIOParameters=GPIO_Label
PD13.GPIO_Label=BUZZER_PWM
PD13.Locked=true
PD13.Signal=S_TIM4_CH2
PD14.GPIOParameters=GPIO_Label
PD14.GPIO_Label=DLCA_EN7
PD14.Locked=true
PD14.Signal=GPIO_Output
PD15.GPIOParameters=GPIO_Label
PD15.GPIO_Label=DLCB_EN8
PD15.Locked=true
PD15.Signal=GPIO_Output
PD2.GPIOParameters=GPIO_Label
PD2.GPIO_Label=EMMC_CMD
PD2.Mode=mmc_8_bits_Wide_bus
PD2.Signal=SDMMC1_CMD
PD3.GPIOParameters=GPIO_Label
PD3.GPIO_Label=WIFI_BT_PWR_EN
PD3.Locked=true
PD3.Signal=GPIO_Output
PD4.GPIOParameters=GPIO_Label
PD4.GPIO_Label=IG_ON_EN
PD4.Locked=true
PD4.Signal=GPIO_Output
PD5.GPIOParameters=GPIO_Label
PD5.GPIO_Label=DEBUG_TX
PD5.Locked=true
PD5.Mode=Asynchronous
PD5.Signal=USART2_TX
PD6.GPIOParameters=GPIO_Label
PD6.GPIO_Label=DEBUG_RX
PD6.Locked=true
PD6.Mode=Asynchronous
PD6.Signal=USART2_RX
PD7.GPIOParameters=GPIO_Label
PD7.GPIO_Label=REPG_CH11
PD7.Locked=true
PD7.Signal=GPIO_Output
PE0.GPIOParameters=GPIO_Label
PE0.GPIO_Label=ETH_PWR_EN
PE0.Locked=true
PE0.Signal=GPIO_Output
PE1.GPIOParameters=GPIO_Label
PE1.GPIO_Label=REPG_ON
PE1.Locked=true
PE1.Signal=GPIO_Output
PE10.GPIOParameters=GPIO_Label
PE10.GPIO_Label=LAT_H_CAN_RX_EN2
PE10.Locked=true
PE10.Signal=GPIO_Output
PE11.GPIOParameters=GPIO_Label
PE11.GPIO_Label=LAT_H_CAN_RX_EN1
PE11.Locked=true
PE11.Signal=GPIO_Output
PE12.GPIOParameters=GPIO_Label
PE12.GPIO_Label=TRG_WAK_UP_EN
PE12.Locked=true
PE12.Signal=GPIO_Output
PE13.GPIOParameters=GPIO_Label
PE13.GPIO_Label=LAT_IG_DET_EN
PE13.Locked=true
PE13.Signal=GPIO_Output
PE14.GPIOParameters=GPIO_Label
PE14.GPIO_Label=LAT_CLK
PE14.Locked=true
PE14.Signal=GPIO_Output
PE15.GPIOParameters=GPIO_Label
PE15.GPIO_Label=LAT_SENS_EN
PE15.Locked=true
PE15.Signal=GPIO_Output
PE3.GPIOParameters=GPIO_Label
PE3.GPIO_Label=KL_TXD2_INV
PE3.Locked=true
PE3.Signal=GPIO_Output
PE7.GPIOParameters=GPIO_Label
PE7.GPIO_Label=TXD1_510_EN
PE7.Locked=true
PE7.Signal=GPIO_Output
PE8.GPIOParameters=GPIO_Label
PE8.GPIO_Label=PWR_DET_EN_24V
PE8.Locked=true
PE8.Signal=GPIO_Output
PE9.GPIOParameters=GPIO_Label
PE9.GPIO_Label=PWR_DET_EN_12V
PE9.Locked=true
PE9.Signal=GPIO_Output
PF10.GPIOParameters=GPIO_Label
PF10.GPIO_Label=RX_INT2
PF10.Locked=true
PF10.Signal=GPXTI10
PF11.GPIOParameters=GPIO_Label
PF11.GPIO_Label=BAT_ADC
PF11.Mode=IN2-Single-Ended
PF11.Signal=ADC1_INP2
PF12.GPIOParameters=GPIO_Label
PF12.GPIO_Label=PAIR_SW
PF12.Locked=true
PF12.Signal=GPXTI12
PF13.GPIOParameters=GPIO_Label
PF13.GPIO_Label=OSC_EN
PF13.Locked=true
PF13.Signal=GPIO_Output
PF14.GPIOParameters=GPIO_Label
PF14.GPIO_Label=TRIG_KEY_INT
PF14.Locked=true
PF14.Signal=GPXTI14
PF15.GPIOParameters=GPIO_Label
PF15.GPIO_Label=PGANG
PF15.Locked=true
PF15.Signal=GPIO_Input
PF2.GPIOParameters=GPIO_Label
PF2.GPIO_Label=FD_INT2
PF2.Locked=true
PF2.Signal=GPXTI2
PF4.GPIOParameters=GPIO_Label
PF4.GPIO_Label=TX_INT2
PF4.Locked=true
PF4.Signal=GPXTI4
PF5.GPIOParameters=GPIO_Label
PF5.GPIO_Label=KL_RXD2_SEL
PF5.Locked=true
PF5.Signal=GPIO_Output
PF6.GPIOParameters=GPIO_Label
PF6.GPIO_Label=SPI5_NSS
PF6.Locked=true
PF6.Signal=GPIO_Output
PG0.GPIOParameters=GPIO_PuPd,GPIO_Label
PG0.GPIO_Label=EMMC_PWR_EN
PG0.GPIO_PuPd=GPIO_PULLUP
PG0.Locked=true
PG0.Signal=GPIO_Output
PG1.GPIOParameters=GPIO_Label
PG1.GPIO_Label=EMMC_DATA
PG1.Locked=true
PG1.Signal=GPIO_Input
PG10.GPIOParameters=GPIO_Label
PG10.GPIO_Label=REPG_CH9
PG10.Locked=true
PG10.Signal=GPIO_Output
PG11.GPIOParameters=GPIO_Label
PG11.GPIO_Label=REPG_CH12
PG11.Locked=true
PG11.Signal=GPIO_Output
PG12.GPIOParameters=GPIO_Label
PG12.GPIO_Label=REPG_CH13
PG12.Locked=true
PG12.Signal=GPIO_Output
PG13.GPIOParameters=GPIO_Label
PG13.GPIO_Label=REPG_CH14
PG13.Locked=true
PG13.Signal=GPIO_Output
PG14.GPIOParameters=GPIO_Label
PG14.GPIO_Label=HSM_TX
PG14.Locked=true
PG14.Mode=Asynchronous
PG14.Signal=USART6_TX
PG15.GPIOParameters=GPIO_Label
PG15.GPIO_Label=REPG_CH3
PG15.Locked=true
PG15.Signal=GPIO_Output
PG2.GPIOParameters=GPIO_Label
PG2.GPIO_Label=DLCA_EN8_1
PG2.Locked=true
PG2.Signal=GPIO_Output
PG3.GPIOParameters=GPIO_Label
PG3.GPIO_Label=DLCB_EN9
PG3.Locked=true
PG3.Signal=GPIO_Output
PG4.GPIOParameters=GPIO_Label
PG4.GPIO_Label=DLCB_EN10
PG4.Locked=true
PG4.Signal=GPIO_Output
PG5.GPIOParameters=GPIO_Label
PG5.GPIO_Label=DLCB_EN11
PG5.Locked=true
PG5.Signal=GPIO_Output
PG6.GPIOParameters=GPIO_Label
PG6.GPIO_Label=DLCB_EN12
PG6.Locked=true
PG6.Signal=GPIO_Output
PG7.GPIOParameters=GPIO_Label
PG7.GPIO_Label=HSM_RST
PG7.Locked=true
PG7.Signal=GPIO_Output
PG8.GPIOParameters=GPIO_Label
PG8.GPIO_Label=HSM_PWR_EN
PG8.Locked=true
PG8.Signal=GPIO_Output
PG9.GPIOParameters=GPIO_Label
PG9.GPIO_Label=HSM_RX
PG9.Locked=true
PG9.Mode=Asynchronous
PG9.Signal=USART6_RX
PH0-OSC_IN\ (PH0).GPIOParameters=GPIO_Label
PH0-OSC_IN\ (PH0).GPIO_Label=OSC_IN(25MHz)
PH0-OSC_IN\ (PH0).Mode=HSE-External-Oscillator
PH0-OSC_IN\ (PH0).Signal=RCC_OSC_IN
PH1-OSC_OUT\ (PH1).GPIOParameters=GPIO_Label
PH1-OSC_OUT\ (PH1).GPIO_Label=OSC_OUT(25MHz)
PH1-OSC_OUT\ (PH1).Mode=HSE-External-Oscillator
PH1-OSC_OUT\ (PH1).Signal=RCC_OSC_OUT
PH10.GPIOParameters=GPIO_Label
PH10.GPIO_Label=TXD2_510_EN
PH10.Locked=true
PH10.Signal=GPIO_Output
PH11.GPIOParameters=GPIO_Label
PH11.GPIO_Label=KL_RXD2
PH11.Locked=true
PH11.Signal=GPIO_Input
PH12.GPIOParameters=GPIO_Label
PH12.GPIO_Label=DLCA_EN13
PH12.Locked=true
PH12.Signal=GPIO_Output
PH13.GPIOParameters=GPIO_Label
PH13.GPIO_Label=DLCA_EN1
PH13.Locked=true
PH13.Signal=GPIO_Output
PH14.GPIOParameters=GPIO_Label
PH14.GPIO_Label=LP_WAKEUP_IN
PH14.Locked=true
PH14.Signal=GPIO_Output
PH15.GPIOParameters=GPIO_Label
PH15.GPIO_Label=ULP_WAKEUP_IN
PH15.Locked=true
PH15.Signal=GPIO_Output
PH2.GPIOParameters=GPIO_Label
PH2.GPIO_Label=USB_PHY_PWR_EN
PH2.Locked=true
PH2.Signal=GPIO_Output
PH3.GPIOParameters=GPIO_Label
PH3.GPIO_Label=USB_PHY_RST
PH3.Locked=true
PH3.Signal=GPIO_Output
PH4.GPIOParameters=GPIO_Label
PH4.GPIO_Label=HIGHCAN_EN614
PH4.Locked=true
PH4.Signal=GPIO_Output
PH5.GPIOParameters=GPIO_Label
PH5.GPIO_Label=TXD1_47K_EN
PH5.Locked=true
PH5.Signal=GPIO_Output
PH6.GPIOParameters=GPIO_Label
PH6.GPIO_Label=LAT_L_CAN_RX_EN
PH6.Locked=true
PH6.Signal=GPIO_Output
PH7.GPIOParameters=GPIO_Label
PH7.GPIO_Label=LOW_CAN_NSTB
PH7.Locked=true
PH7.Signal=GPIO_Output
PH8.GPIOParameters=GPIO_Label
PH8.GPIO_Label=TXD2_47K_EN
PH8.Locked=true
PH8.Signal=GPIO_Output
PH9.GPIOParameters=GPIO_Label
PH9.GPIO_Label=TXD1_2K_EN
PH9.Locked=true
PH9.Signal=GPIO_Output
PI0.GPIOParameters=GPIO_Label
PI0.GPIO_Label=SPI2_NSS
PI0.Locked=true
PI0.Signal=GPIO_Output
PI10.GPIOParameters=GPIO_Label
PI10.GPIO_Label=KL_RXD2_INV
PI10.Locked=true
PI10.Signal=GPIO_Output
PI11.GPIOParameters=GPIO_Label
PI11.GPIO_Label=KL_RXD1_SEL
PI11.Locked=true
PI11.Signal=GPIO_Output
PI4.GPIOParameters=GPIO_Label
PI4.GPIO_Label=ETH_SW_EN
PI4.Locked=true
PI4.Signal=GPIO_Output
PI5.GPIOParameters=GPIO_Label
PI5.GPIO_Label=RED_LED_EN
PI5.Locked=true
PI5.Signal=GPIO_Output
PI6.GPIOParameters=GPIO_Label
PI6.GPIO_Label=GREEN_LED_EN
PI6.Locked=true
PI6.Signal=GPIO_Output
PI7.GPIOParameters=GPIO_Label
PI7.GPIO_Label=BLUE_LED_EN
PI7.Locked=true
PI7.Signal=GPIO_Output
PI8.GPIOParameters=GPIO_Label
PI8.GPIO_Label=KL_TXD1_INV
PI8.Locked=true
PI8.Signal=GPIO_Output
PI9.GPIOParameters=GPIO_Label
PI9.GPIO_Label=KL_RXD1_INV
PI9.Locked=true
PI9.Signal=GPIO_Output
PinOutPanel.RotationAngle=0
ProjectManager.AskForMigrate=true
ProjectManager.BackupPrevious=false
ProjectManager.CompilerOptimize=6
ProjectManager.ComputerToolchain=false
ProjectManager.CoupleFile=true
ProjectManager.CustomerFirmwarePackage=
ProjectManager.DefaultFWLocation=true
ProjectManager.DeletePrevious=true
ProjectManager.DeviceId=STM32H743IITx
ProjectManager.FirmwarePackage=STM32Cube FW_H7 V1.9.0
ProjectManager.FreePins=true
ProjectManager.HalAssertFull=true
ProjectManager.HeapSize=0x3000
ProjectManager.KeepUserCode=true
ProjectManager.LastFirmware=false
ProjectManager.LibraryCopy=1
ProjectManager.MainLocation=Core/Src
ProjectManager.NoMain=false
ProjectManager.PreviousToolchain=
ProjectManager.ProjectBuild=false
ProjectManager.ProjectFileName=01_Bootloader.ioc
ProjectManager.ProjectName=01_Bootloader
ProjectManager.RegisterCallBack=
ProjectManager.StackSize=0x3000
ProjectManager.TargetToolchain=EWARM V8.32
ProjectManager.ToolChainLocation=
ProjectManager.UnderRoot=false
ProjectManager.functionlistsort=1-MX_GPIO_Init-GPIO-false-HAL-true,2-MX_MDMA_Init-MDMA-false-HAL-true,3-SystemClock_Config-RCC-false-HAL-false,4-MX_ADC1_Init-ADC1-false-HAL-true,5-MX_SDMMC1_MMC_Init-SDMMC1-true-HAL-true,6-MX_TIM4_Init-TIM4-false-HAL-true,7-MX_USART2_UART_Init-USART2-false-HAL-true,8-MX_USART6_UART_Init-USART6-false-HAL-true,9-MX_FATFS_Init-FATFS-true-HAL-false,10-MX_USB_DEVICE_Init-USB_DEVICE-true-HAL-false,0-MX_CORTEX_M7_Init-CORTEX_M7-false-HAL-true,0-MX_PWR_Init-PWR-false-HAL-true
RCC.ADCFreq_Value=80000000
RCC.AHB12Freq_Value=240000000
RCC.AHB4Freq_Value=240000000
RCC.APB1Freq_Value=120000000
RCC.APB2Freq_Value=120000000
RCC.APB3Freq_Value=120000000
RCC.APB4Freq_Value=120000000
RCC.AXIClockFreq_Value=240000000
RCC.CECFreq_Value=32000
RCC.CKPERFreq_Value=64000000
RCC.CortexFreq_Value=480000000
RCC.CpuClockFreq_Value=480000000
RCC.D1CPREFreq_Value=480000000
RCC.D1PPRE=RCC_APB3_DIV2
RCC.D2PPRE1=RCC_APB1_DIV2
RCC.D2PPRE2=RCC_APB2_DIV2
RCC.D3PPRE=RCC_APB4_DIV2
RCC.DFSDMACLkFreq_Value=120000000
RCC.DFSDMFreq_Value=120000000
RCC.DIVM1=5
RCC.DIVM2=5
RCC.DIVM3=5
RCC.DIVN1=192
RCC.DIVN2=160
RCC.DIVN3=160
RCC.DIVP1Freq_Value=480000000
RCC.DIVP2=10
RCC.DIVP2Freq_Value=80000000
RCC.DIVP3Freq_Value=400000000
RCC.DIVQ1=8
RCC.DIVQ1Freq_Value=120000000
RCC.DIVQ2=10
RCC.DIVQ2Freq_Value=80000000
RCC.DIVQ3Freq_Value=400000000
RCC.DIVR1Freq_Value=480000000
RCC.DIVR2=8
RCC.DIVR2Freq_Value=100000000
RCC.DIVR3=8
RCC.DIVR3Freq_Value=100000000
RCC.FDCANFreq_Value=120000000
RCC.FMCFreq_Value=240000000
RCC.FamilyName=M
RCC.HCLK3ClockFreq_Value=240000000
RCC.HCLKFreq_Value=240000000
RCC.HPRE=RCC_HCLK_DIV2
RCC.HRTIMFreq_Value=240000000
RCC.I2C123Freq_Value=120000000
RCC.I2C4Freq_Value=120000000
RCC.IPParameters=ADCFreq_Value,AHB12Freq_Value,AHB4Freq_Value,APB1Freq_Value,APB2Freq_Value,APB3Freq_Value,APB4Freq_Value,AXIClockFreq_Value,CECFreq_Value,CKPERFreq_Value,CortexFreq_Value,CpuClockFreq_Value,D1CPREFreq_Value,D1PPRE,D2PPRE1,D2PPRE2,D3PPRE,DFSDMACLkFreq_Value,DFSDMFreq_Value,DIVM1,DIVM2,DIVM3,DIVN1,DIVN2,DIVN3,DIVP1Freq_Value,DIVP2,DIVP2Freq_Value,DIVP3Freq_Value,DIVQ1,DIVQ1Freq_Value,DIVQ2,DIVQ2Freq_Value,DIVQ3Freq_Value,DIVR1Freq_Value,DIVR2,DIVR2Freq_Value,DIVR3,DIVR3Freq_Value,FDCANFreq_Value,FMCFreq_Value,FamilyName,HCLK3ClockFreq_Value,HCLKFreq_Value,HPRE,HRTIMFreq_Value,I2C123Freq_Value,I2C4Freq_Value,LPTIM1Freq_Value,LPTIM2Freq_Value,LPTIM345Freq_Value,LPUART1Freq_Value,LTDCFreq_Value,MCO1PinFreq_Value,MCO2PinFreq_Value,PLLSourceVirtual,PWR_Regulator_Voltage_Scale,QSPIFreq_Value,RNGFreq_Value,RTCFreq_Value,SAI1Freq_Value,SAI23Freq_Value,SAI4AFreq_Value,SAI4BFreq_Value,SDMMC1CLockSelection,SDMMCFreq_Value,SPDIFRXFreq_Value,SPI123Freq_Value,SPI45Freq_Value,SPI6Freq_Value,SWPMI1Freq_Value,SYSCLKFreq_VALUE,SYSCLKSource,Tim1OutputFreq_Value,Tim2OutputFreq_Value,TraceFreq_Value,USART16Freq_Value,USART234578Freq_Value,USBCLockSelection,USBFreq_Value,VCO1OutputFreq_Value,VCO2OutputFreq_Value,VCO3OutputFreq_Value,VCOInput1Freq_Value,VCOInput2Freq_Value,VCOInput3Freq_Value
RCC.LPTIM1Freq_Value=120000000
RCC.LPTIM2Freq_Value=120000000
RCC.LPTIM345Freq_Value=120000000
RCC.LPUART1Freq_Value=120000000
RCC.LTDCFreq_Value=100000000
RCC.MCO1PinFreq_Value=64000000
RCC.MCO2PinFreq_Value=480000000
RCC.PLLSourceVirtual=RCC_PLLSOURCE_HSE
RCC.PWR_Regulator_Voltage_Scale=PWR_REGULATOR_VOLTAGE_SCALE0
RCC.QSPIFreq_Value=240000000
RCC.RNGFreq_Value=48000000
RCC.RTCFreq_Value=32000
RCC.SAI1Freq_Value=120000000
RCC.SAI23Freq_Value=120000000
RCC.SAI4AFreq_Value=120000000
RCC.SAI4BFreq_Value=120000000
RCC.SDMMC1CLockSelection=RCC_SDMMCCLKSOURCE_PLL2
RCC.SDMMCFreq_Value=100000000
RCC.SPDIFRXFreq_Value=120000000
RCC.SPI123Freq_Value=120000000
RCC.SPI45Freq_Value=120000000
RCC.SPI6Freq_Value=120000000
RCC.SWPMI1Freq_Value=120000000
RCC.SYSCLKFreq_VALUE=480000000
RCC.SYSCLKSource=RCC_SYSCLKSOURCE_PLLCLK
RCC.Tim1OutputFreq_Value=240000000
RCC.Tim2OutputFreq_Value=240000000
RCC.TraceFreq_Value=480000000
RCC.USART16Freq_Value=120000000
RCC.USART234578Freq_Value=120000000
RCC.USBCLockSelection=RCC_USBCLKSOURCE_HSI48
RCC.USBFreq_Value=48000000
RCC.VCO1OutputFreq_Value=960000000
RCC.VCO2OutputFreq_Value=800000000
RCC.VCO3OutputFreq_Value=800000000
RCC.VCOInput1Freq_Value=5000000
RCC.VCOInput2Freq_Value=5000000
RCC.VCOInput3Freq_Value=5000000
SDMMC1.ClockDiv=1
SDMMC1.IPParameters=ClockDiv
SH.GPXTI10.0=GPIO_EXTI10
SH.GPXTI10.ConfNb=1
SH.GPXTI12.0=GPIO_EXTI12
SH.GPXTI12.ConfNb=1
SH.GPXTI14.0=GPIO_EXTI14
SH.GPXTI14.ConfNb=1
SH.GPXTI2.0=GPIO_EXTI2
SH.GPXTI2.ConfNb=1
SH.GPXTI4.0=GPIO_EXTI4
SH.GPXTI4.ConfNb=1
SH.GPXTI9.0=GPIO_EXTI9
SH.GPXTI9.ConfNb=1
SH.S_TIM4_CH2.0=TIM4_CH2,PWM Generation2 CH2
SH.S_TIM4_CH2.ConfNb=1
TIM4.Channel-PWM\ Generation2\ CH2=TIM_CHANNEL_2
TIM4.IPParameters=Channel-PWM Generation2 CH2,Period
TIM4.Period=0
USART2.IPParameters=VirtualMode-Asynchronous
USART2.VirtualMode-Asynchronous=VM_ASYNC
USART6.IPParameters=VirtualMode-Asynchronous
USART6.VirtualMode-Asynchronous=VM_ASYNC
USB_DEVICE.CLASS_NAME_HS=MSC
USB_DEVICE.IPParameters=VirtualMode-MSC_HS,VirtualModeHS,CLASS_NAME_HS
USB_DEVICE.VirtualMode-MSC_HS=Msc
USB_DEVICE.VirtualModeHS=Msc_HS
USB_OTG_HS.IPParameters=VirtualMode-Device_HS
USB_OTG_HS.VirtualMode-Device_HS=Device_HS
VP_FATFS_VS_Generic.Mode=User_defined
VP_FATFS_VS_Generic.Signal=FATFS_VS_Generic
VP_SYS_VS_Systick.Mode=SysTick
VP_SYS_VS_Systick.Signal=SYS_VS_Systick
VP_USB_DEVICE_VS_USB_DEVICE_MSC_HS.Mode=MSC_HS
VP_USB_DEVICE_VS_USB_DEVICE_MSC_HS.Signal=USB_DEVICE_VS_USB_DEVICE_MSC_HS
board=custom
